
Microsoft Visual Studio Solution File, Format Version 12.00
# Visual Studio Version 17
VisualStudioVersion = 17.5.002.0
MinimumVisualStudioVersion = 10.0.40219.1
Project("{9A19103F-16F7-4668-BE54-9A1E7A4F7556}") = "CircularQueue", "CircularQueue\CircularQueue.csproj", "{9F08982C-AF3C-478B-8D5E-32D0AA0A7560}"
EndProject
Project("{9A19103F-16F7-4668-BE54-9A1E7A4F7556}") = "Ex13", "Ex13\Ex13.csproj", "{15F0D6F5-29C9-48D6-BB4B-B663154B4FD0}"
EndProject
Project("{9A19103F-16F7-4668-BE54-9A1E7A4F7556}") = "Selsort", "Selsort\Selsort.csproj", "{867ACAF2-6DA0-4EA4-8342-BD6D2F2D37BB}"
EndProject
Project("{9A19103F-16F7-4668-BE54-9A1E7A4F7556}") = "Square", "Square\Square.csproj", "{47DE1892-9D2A-4BEA-BD09-96BF2434C74E}"
EndProject
Project("{9A19103F-16F7-4668-BE54-9A1E7A4F7556}") = "StringConcatSpeed", "StringConcatSpeed\StringConcatSpeed.csproj", "{AE42D308-598D-4C14-943E-84AEFFCCBBF2}"
EndProject
Global
	GlobalSection(SolutionConfigurationPlatforms) = preSolution
		Debug|Any CPU = Debug|Any CPU
		Release|Any CPU = Release|Any CPU
	EndGlobalSection
	GlobalSection(ProjectConfigurationPlatforms) = postSolution
		{9F08982C-AF3C-478B-8D5E-32D0AA0A7560}.Debug|Any CPU.ActiveCfg = Debug|Any CPU
		{9F08982C-AF3C-478B-8D5E-32D0AA0A7560}.Debug|Any CPU.Build.0 = Debug|Any CPU
		{9F08982C-AF3C-478B-8D5E-32D0AA0A7560}.Release|Any CPU.ActiveCfg = Release|Any CPU
		{9F08982C-AF3C-478B-8D5E-32D0AA0A7560}.Release|Any CPU.Build.0 = Release|Any CPU
		{15F0D6F5-29C9-48D6-BB4B-B663154B4FD0}.Debug|Any CPU.ActiveCfg = Debug|Any CPU
		{15F0D6F5-29C9-48D6-BB4B-B663154B4FD0}.Debug|Any CPU.Build.0 = Debug|Any CPU
		{15F0D6F5-29C9-48D6-BB4B-B663154B4FD0}.Release|Any CPU.ActiveCfg = Release|Any CPU
		{15F0D6F5-29C9-48D6-BB4B-B663154B4FD0}.Release|Any CPU.Build.0 = Release|Any CPU
		{867ACAF2-6DA0-4EA4-8342-BD6D2F2D37BB}.Debug|Any CPU.ActiveCfg = Debug|Any CPU
		{867ACAF2-6DA0-4EA4-8342-BD6D2F2D37BB}.Debug|Any CPU.Build.0 = Debug|Any CPU
		{867ACAF2-6DA0-4EA4-8342-BD6D2F2D37BB}.Release|Any CPU.ActiveCfg = Release|Any CPU
		{867ACAF2-6DA0-4EA4-8342-BD6D2F2D37BB}.Release|Any CPU.Build.0 = Release|Any CPU
		{47DE1892-9D2A-4BEA-BD09-96BF2434C74E}.Debug|Any CPU.ActiveCfg = Debug|Any CPU
		{47DE1892-9D2A-4BEA-BD09-96BF2434C74E}.Debug|Any CPU.Build.0 = Debug|Any CPU
		{47DE1892-9D2A-4BEA-BD09-96BF2434C74E}.Release|Any CPU.ActiveCfg = Release|Any CPU
		{47DE1892-9D2A-4BEA-BD09-96BF2434C74E}.Release|Any CPU.Build.0 = Release|Any CPU
		{AE42D308-598D-4C14-943E-84AEFFCCBBF2}.Debug|Any CPU.ActiveCfg = Debug|Any CPU
		{AE42D308-598D-4C14-943E-84AEFFCCBBF2}.Debug|Any CPU.Build.0 = Debug|Any CPU
		{AE42D308-598D-4C14-943E-84AEFFCCBBF2}.Release|Any CPU.ActiveCfg = Release|Any CPU
		{AE42D308-598D-4C14-943E-84AEFFCCBBF2}.Release|Any CPU.Build.0 = Release|Any CPU
	EndGlobalSection
	GlobalSection(SolutionProperties) = preSolution
		HideSolutionNode = FALSE
	EndGlobalSection
	GlobalSection(ExtensibilityGlobals) = postSolution
		SolutionGuid = {49B726C0-DC51-4F60-8D25-743AA47EC967}
	EndGlobalSection
EndGlobal
